
Microsoft Visual Studio Solution File, Format Version 12.00
# Visual Studio Version 16
VisualStudioVersion = 16.0.35130.168
MinimumVisualStudioVersion = 10.0.40219.1
Project("{FAE04EC0-301F-11D3-BF4B-00C04F79EFBC}") = "AspClaysysPrjct", "AspClaysysPrjct\AspClaysysPrjct.csproj", "{BB206229-25C8-4D4F-9757-A0FC89F801F7}"
EndProject
Global
	GlobalSection(SolutionConfigurationPlatforms) = preSolution
		Debug|Any CPU = Debug|Any CPU
		Release|Any CPU = Release|Any CPU
	EndGlobalSection
	GlobalSection(ProjectConfigurationPlatforms) = postSolution
		{BB206229-25C8-4D4F-9757-A0FC89F801F7}.Debug|Any CPU.ActiveCfg = Debug|Any CPU
		{BB206229-25C8-4D4F-9757-A0FC89F801F7}.Debug|Any CPU.Build.0 = Debug|Any CPU
		{BB206229-25C8-4D4F-9757-A0FC89F801F7}.Release|Any CPU.ActiveCfg = Release|Any CPU
		{BB206229-25C8-4D4F-9757-A0FC89F801F7}.Release|Any CPU.Build.0 = Release|Any CPU
	EndGlobalSection
	GlobalSection(SolutionProperties) = preSolution
		HideSolutionNode = FALSE
	EndGlobalSection
	GlobalSection(ExtensibilityGlobals) = postSolution
		SolutionGuid = {368DB51D-0C39-4A21-9C20-4773C576E162}
	EndGlobalSection
EndGlobal
